
Microsoft Visual Studio Solution File, Format Version 12.00
Project("{FAE04EC0-301F-11D3-BF4B-00C04F79EFBC}") = "FactoryPatternExercise", "FactoryPatternExercise\FactoryPatternExercise.csproj", "{A934D195-E0D7-47D4-BF12-65EF0A915B47}"
EndProject
Global
	GlobalSection(SolutionConfigurationPlatforms) = preSolution
		Debug|Any CPU = Debug|Any CPU
		Release|Any CPU = Release|Any CPU
	EndGlobalSection
	GlobalSection(ProjectConfigurationPlatforms) = postSolution
		{A934D195-E0D7-47D4-BF12-65EF0A915B47}.Debug|Any CPU.ActiveCfg = Debug|Any CPU
		{A934D195-E0D7-47D4-BF12-65EF0A915B47}.Debug|Any CPU.Build.0 = Debug|Any CPU
		{A934D195-E0D7-47D4-BF12-65EF0A915B47}.Release|Any CPU.ActiveCfg = Release|Any CPU
		{A934D195-E0D7-47D4-BF12-65EF0A915B47}.Release|Any CPU.Build.0 = Release|Any CPU
	EndGlobalSection
EndGlobal
